# This file is automatically @generated by Cargo.
# It is not intended for manual editing.
version = 3

[[package]]
name = "array_builder"
version = "0.1.4"
source = "registry+https://github.com/rust-lang/crates.io-index"
checksum = "41b4889449b3c4d1813e5a5882ac706e88ae1ceeacc7b835a5e459099a597cc8"

[[package]]
name = "array_iter_tools"
version = "0.2.0"
source = "registry+https://github.com/rust-lang/crates.io-index"
checksum = "eca6400f530f4ee3d9075bf1bf1e4fed2c1c4bedbd9a56ce7239f748167b191e"
dependencies = [
 "array_builder",
]

[[package]]
name = "autocfg"
version = "1.1.0"
source = "registry+https://github.com/rust-lang/crates.io-index"
checksum = "d468802bab17cbc0cc575e9b053f41e72aa36bfa6b7f55e3529ffa43161b97fa"

[[package]]
name = "chfft"
version = "0.3.4"
source = "registry+https://github.com/rust-lang/crates.io-index"
checksum = "103be009e532bf7f2cdbf24dc76953f55c83f03bac8a8ced0d2a21b639907dc0"
dependencies = [
 "num-complex",
 "num-traits",
]

[[package]]
name = "cw5"
version = "0.1.0"
dependencies = [
 "chfft",
 "euclid",
 "iter_num_tools",
 "num-complex",
 "tabled",
]

[[package]]
name = "euclid"
version = "0.22.7"
source = "registry+https://github.com/rust-lang/crates.io-index"
checksum = "b52c2ef4a78da0ba68fbe1fd920627411096d2ac478f7f4c9f3a54ba6705bade"
dependencies = [
 "num-traits",
]

[[package]]
name = "iter_num_tools"
version = "0.6.2"
source = "registry+https://github.com/rust-lang/crates.io-index"
checksum = "7711c6efabc6320687553b58e0c9edc6a2ea8dcabac1c6d371cd544c81c33173"
dependencies = [
 "array_iter_tools",
 "num-traits",
]

[[package]]
name = "libm"
version = "0.2.2"
source = "registry+https://github.com/rust-lang/crates.io-index"
checksum = "33a33a362ce288760ec6a508b94caaec573ae7d3bbbd91b87aa0bad4456839db"

[[package]]
name = "num-complex"
version = "0.4.1"
source = "registry+https://github.com/rust-lang/crates.io-index"
checksum = "97fbc387afefefd5e9e39493299f3069e14a140dd34dc19b4c1c1a8fddb6a790"
dependencies = [
 "num-traits",
]

[[package]]
name = "num-traits"
version = "0.2.15"
source = "registry+https://github.com/rust-lang/crates.io-index"
checksum = "578ede34cf02f8924ab9447f50c28075b4d3e5b269972345e7e0372b38c6cdcd"
dependencies = [
 "autocfg",
 "libm",
]

[[package]]
name = "papergrid"
version = "0.3.0"
source = "registry+https://github.com/rust-lang/crates.io-index"
checksum = "63709d10e2c2ec58f7bd91d8258d27ce80de090064b0ddf3a4bf38b907b61b8a"
dependencies = [
 "unicode-width",
]

[[package]]
name = "proc-macro2"
version = "1.0.37"
source = "registry+https://github.com/rust-lang/crates.io-index"
checksum = "ec757218438d5fda206afc041538b2f6d889286160d649a86a24d37e1235afd1"
dependencies = [
 "unicode-xid",
]

[[package]]
name = "quote"
version = "1.0.18"
source = "registry+https://github.com/rust-lang/crates.io-index"
checksum = "a1feb54ed693b93a84e14094943b84b7c4eae204c512b7ccb95ab0c66d278ad1"
dependencies = [
 "proc-macro2",
]

[[package]]
name = "syn"
version = "1.0.92"
source = "registry+https://github.com/rust-lang/crates.io-index"
checksum = "7ff7c592601f11445996a06f8ad0c27f094a58857c2f89e97974ab9235b92c52"
dependencies = [
 "proc-macro2",
 "quote",
 "unicode-xid",
]

[[package]]
name = "tabled"
version = "0.6.1"
source = "registry+https://github.com/rust-lang/crates.io-index"
checksum = "d15827061abcf689257b1841c8e2732b1dfcc3ef825b24ce6c606e1e9e1a7bde"
dependencies = [
 "papergrid",
 "tabled_derive",
]

[[package]]
name = "tabled_derive"
version = "0.3.0"
source = "registry+https://github.com/rust-lang/crates.io-index"
checksum = "278ea3921cee8c5a69e0542998a089f7a14fa43c9c4e4f9951295da89bd0c943"
dependencies = [
 "proc-macro2",
 "quote",
 "syn",
]

[[package]]
name = "unicode-width"
version = "0.1.9"
source = "registry+https://github.com/rust-lang/crates.io-index"
checksum = "3ed742d4ea2bd1176e236172c8429aaf54486e7ac098db29ffe6529e0ce50973"

[[package]]
name = "unicode-xid"
version = "0.2.3"
source = "registry+https://github.com/rust-lang/crates.io-index"
checksum = "957e51f3646910546462e67d5f7599b9e4fb8acdd304b087a6494730f9eebf04"
