# This file is automatically @generated by Cargo.
# It is not intended for manual editing.
version = 3

[[package]]
name = "array_builder"
version = "0.1.4"
source = "registry+https://github.com/rust-lang/crates.io-index"
checksum = "41b4889449b3c4d1813e5a5882ac706e88ae1ceeacc7b835a5e459099a597cc8"

[[package]]
name = "array_iter_tools"
version = "0.2.0"
source = "registry+https://github.com/rust-lang/crates.io-index"
checksum = "eca6400f530f4ee3d9075bf1bf1e4fed2c1c4bedbd9a56ce7239f748167b191e"
dependencies = [
 "array_builder",
]

[[package]]
name = "autocfg"
version = "1.1.0"
source = "registry+https://github.com/rust-lang/crates.io-index"
checksum = "d468802bab17cbc0cc575e9b053f41e72aa36bfa6b7f55e3529ffa43161b97fa"

[[package]]
name = "cw4"
version = "0.1.0"
dependencies = [
 "duration-string",
 "euclid",
 "iter_num_tools",
 "realfft",
 "rustfft",
 "tabled",
]

[[package]]
name = "duration-string"
version = "0.0.6"
source = "registry+https://github.com/rust-lang/crates.io-index"
checksum = "b65bd8fceb01387287b3502b845588b9bf60e50e0d27392f724e6669385d6ac7"

[[package]]
name = "euclid"
version = "0.22.6"
source = "registry+https://github.com/rust-lang/crates.io-index"
checksum = "da96828553a086d7b18dcebfc579bd9628b016f86590d7453c115e490fa74b80"
dependencies = [
 "num-traits",
]

[[package]]
name = "iter_num_tools"
version = "0.6.2"
source = "registry+https://github.com/rust-lang/crates.io-index"
checksum = "7711c6efabc6320687553b58e0c9edc6a2ea8dcabac1c6d371cd544c81c33173"
dependencies = [
 "array_iter_tools",
 "num-traits",
]

[[package]]
name = "libm"
version = "0.2.2"
source = "registry+https://github.com/rust-lang/crates.io-index"
checksum = "33a33a362ce288760ec6a508b94caaec573ae7d3bbbd91b87aa0bad4456839db"

[[package]]
name = "num-complex"
version = "0.4.0"
source = "registry+https://github.com/rust-lang/crates.io-index"
checksum = "26873667bbbb7c5182d4a37c1add32cdf09f841af72da53318fdb81543c15085"
dependencies = [
 "num-traits",
]

[[package]]
name = "num-integer"
version = "0.1.44"
source = "registry+https://github.com/rust-lang/crates.io-index"
checksum = "d2cc698a63b549a70bc047073d2949cce27cd1c7b0a4a862d08a8031bc2801db"
dependencies = [
 "autocfg",
 "num-traits",
]

[[package]]
name = "num-traits"
version = "0.2.14"
source = "registry+https://github.com/rust-lang/crates.io-index"
checksum = "9a64b1ec5cda2586e284722486d802acf1f7dbdc623e2bfc57e65ca1cd099290"
dependencies = [
 "autocfg",
 "libm",
]

[[package]]
name = "papergrid"
version = "0.2.1"
source = "registry+https://github.com/rust-lang/crates.io-index"
checksum = "2c2b5b9ea36abb56e4f8a29889e67f878ebc4ab43c918abe32e85a012d27b819"
dependencies = [
 "unicode-width",
]

[[package]]
name = "primal-check"
version = "0.3.1"
source = "registry+https://github.com/rust-lang/crates.io-index"
checksum = "01419cee72c1a1ca944554e23d83e483e1bccf378753344e881de28b5487511d"
dependencies = [
 "num-integer",
]

[[package]]
name = "proc-macro2"
version = "1.0.36"
source = "registry+https://github.com/rust-lang/crates.io-index"
checksum = "c7342d5883fbccae1cc37a2353b09c87c9b0f3afd73f5fb9bba687a1f733b029"
dependencies = [
 "unicode-xid",
]

[[package]]
name = "quote"
version = "1.0.17"
source = "registry+https://github.com/rust-lang/crates.io-index"
checksum = "632d02bff7f874a36f33ea8bb416cd484b90cc66c1194b1a1110d067a7013f58"
dependencies = [
 "proc-macro2",
]

[[package]]
name = "realfft"
version = "3.0.0"
source = "registry+https://github.com/rust-lang/crates.io-index"
checksum = "a83b876fe55da7e1bf5deeacb93d6411edf81eba0e1a497e79c067734729053a"
dependencies = [
 "rustfft",
]

[[package]]
name = "rustfft"
version = "6.0.1"
source = "registry+https://github.com/rust-lang/crates.io-index"
checksum = "b1d089e5c57521629a59f5f39bca7434849ff89bd6873b521afe389c1c602543"
dependencies = [
 "num-complex",
 "num-integer",
 "num-traits",
 "primal-check",
 "strength_reduce",
 "transpose",
]

[[package]]
name = "strength_reduce"
version = "0.2.3"
source = "registry+https://github.com/rust-lang/crates.io-index"
checksum = "a3ff2f71c82567c565ba4b3009a9350a96a7269eaa4001ebedae926230bc2254"

[[package]]
name = "syn"
version = "1.0.90"
source = "registry+https://github.com/rust-lang/crates.io-index"
checksum = "704df27628939572cd88d33f171cd6f896f4eaca85252c6e0a72d8d8287ee86f"
dependencies = [
 "proc-macro2",
 "quote",
 "unicode-xid",
]

[[package]]
name = "tabled"
version = "0.5.0"
source = "registry+https://github.com/rust-lang/crates.io-index"
checksum = "85fda0a52a50c85604747c6584cc79cfe6c7b6ee2349ffed082f965bdbef77ef"
dependencies = [
 "papergrid",
 "tabled_derive",
]

[[package]]
name = "tabled_derive"
version = "0.2.0"
source = "registry+https://github.com/rust-lang/crates.io-index"
checksum = "a224735cbc8c30f06e52dc3891dc4b8eed07e5d4c8fb6f4cb6a839458e5a6465"
dependencies = [
 "proc-macro2",
 "quote",
 "syn",
]

[[package]]
name = "transpose"
version = "0.2.1"
source = "registry+https://github.com/rust-lang/crates.io-index"
checksum = "95f9c900aa98b6ea43aee227fd680550cdec726526aab8ac801549eadb25e39f"
dependencies = [
 "num-integer",
 "strength_reduce",
]

[[package]]
name = "unicode-width"
version = "0.1.9"
source = "registry+https://github.com/rust-lang/crates.io-index"
checksum = "3ed742d4ea2bd1176e236172c8429aaf54486e7ac098db29ffe6529e0ce50973"

[[package]]
name = "unicode-xid"
version = "0.2.2"
source = "registry+https://github.com/rust-lang/crates.io-index"
checksum = "8ccb82d61f80a663efe1f787a51b16b5a51e3314d6ac365b08639f52387b33f3"
